
Microsoft Visual Studio Solution File, Format Version 12.00
# Visual Studio 15
VisualStudioVersion = 15.0.26430.16
MinimumVisualStudioVersion = 10.0.40219.1
Project("{FAE04EC0-301F-11D3-BF4B-00C04F79EFBC}") = "StackOverflowSurvey.Web", "StackOverflowSurvey.Web\StackOverflowSurvey.Web.csproj", "{C3DE4326-1E4D-4530-B0C2-A1326E9611BF}"
EndProject
Project("{FAE04EC0-301F-11D3-BF4B-00C04F79EFBC}") = "StackOverflowSurvey.Domain", "StackOverflowSurvey.Domain\StackOverflowSurvey.Domain.csproj", "{5EB80902-0D10-43EF-AEF1-670717C9F4F1}"
EndProject
Project("{FAE04EC0-301F-11D3-BF4B-00C04F79EFBC}") = "StackOverflowSurvey.Service", "StackOverflowSurvey.Service\StackOverflowSurvey.Service.csproj", "{A9523374-7D65-4C64-BDF0-A369F041A0C2}"
EndProject
Global
	GlobalSection(SolutionConfigurationPlatforms) = preSolution
		Debug|Any CPU = Debug|Any CPU
		Release|Any CPU = Release|Any CPU
	EndGlobalSection
	GlobalSection(ProjectConfigurationPlatforms) = postSolution
		{C3DE4326-1E4D-4530-B0C2-A1326E9611BF}.Debug|Any CPU.ActiveCfg = Debug|Any CPU
		{C3DE4326-1E4D-4530-B0C2-A1326E9611BF}.Debug|Any CPU.Build.0 = Debug|Any CPU
		{C3DE4326-1E4D-4530-B0C2-A1326E9611BF}.Release|Any CPU.ActiveCfg = Release|Any CPU
		{C3DE4326-1E4D-4530-B0C2-A1326E9611BF}.Release|Any CPU.Build.0 = Release|Any CPU
		{5EB80902-0D10-43EF-AEF1-670717C9F4F1}.Debug|Any CPU.ActiveCfg = Debug|Any CPU
		{5EB80902-0D10-43EF-AEF1-670717C9F4F1}.Debug|Any CPU.Build.0 = Debug|Any CPU
		{5EB80902-0D10-43EF-AEF1-670717C9F4F1}.Release|Any CPU.ActiveCfg = Release|Any CPU
		{5EB80902-0D10-43EF-AEF1-670717C9F4F1}.Release|Any CPU.Build.0 = Release|Any CPU
		{A9523374-7D65-4C64-BDF0-A369F041A0C2}.Debug|Any CPU.ActiveCfg = Debug|Any CPU
		{A9523374-7D65-4C64-BDF0-A369F041A0C2}.Debug|Any CPU.Build.0 = Debug|Any CPU
		{A9523374-7D65-4C64-BDF0-A369F041A0C2}.Release|Any CPU.ActiveCfg = Release|Any CPU
		{A9523374-7D65-4C64-BDF0-A369F041A0C2}.Release|Any CPU.Build.0 = Release|Any CPU
	EndGlobalSection
	GlobalSection(SolutionProperties) = preSolution
		HideSolutionNode = FALSE
	EndGlobalSection
EndGlobal
